// !$*UTF8*$!
{
	archiveVersion = 1;
	classes = {
	};
	objectVersion = 46;
	objects = {

/* Begin PBXBuildFile section */
		254F8DE814E76B2800CC7357 /* UIKit.framework in Frameworks */ = {isa = PBXBuildFile; fileRef = 254F8DE714E76B2800CC7357 /* UIKit.framework */; };
		254F8DEA14E76B2800CC7357 /* Foundation.framework in Frameworks */ = {isa = PBXBuildFile; fileRef = 254F8DE914E76B2800CC7357 /* Foundation.framework */; };
		254F8DEC14E76B2800CC7357 /* CoreGraphics.framework in Frameworks */ = {isa = PBXBuildFile; fileRef = 254F8DEB14E76B2800CC7357 /* CoreGraphics.framework */; };
		254F8DF214E76B2800CC7357 /* InfoPlist.strings in Resources */ = {isa = PBXBuildFile; fileRef = 254F8DF014E76B2800CC7357 /* InfoPlist.strings */; };
		254F8DF414E76B2800CC7357 /* main.m in Sources */ = {isa = PBXBuildFile; fileRef = 254F8DF314E76B2800CC7357 /* main.m */; };
		254F8DF814E76B2800CC7357 /* AppDelegate.m in Sources */ = {isa = PBXBuildFile; fileRef = 254F8DF714E76B2800CC7357 /* AppDelegate.m */; };
		254F8DFB14E76B2800CC7357 /* FirstViewController.m in Sources */ = {isa = PBXBuildFile; fileRef = 254F8DFA14E76B2800CC7357 /* FirstViewController.m */; };
		254F8DFD14E76B2900CC7357 /* first.png in Resources */ = {isa = PBXBuildFile; fileRef = 254F8DFC14E76B2900CC7357 /* first.png */; };
		254F8DFF14E76B2900CC7357 /* first@2x.png in Resources */ = {isa = PBXBuildFile; fileRef = 254F8DFE14E76B2900CC7357 /* first@2x.png */; };
		254F8E0214E76B2900CC7357 /* SecondViewController.m in Sources */ = {isa = PBXBuildFile; fileRef = 254F8E0114E76B2900CC7357 /* SecondViewController.m */; };
		254F8E0414E76B2900CC7357 /* second.png in Resources */ = {isa = PBXBuildFile; fileRef = 254F8E0314E76B2900CC7357 /* second.png */; };
		254F8E0614E76B2900CC7357 /* second@2x.png in Resources */ = {isa = PBXBuildFile; fileRef = 254F8E0514E76B2900CC7357 /* second@2x.png */; };
		254F8E0914E76B2900CC7357 /* FirstViewController_iPhone.xib in Resources */ = {isa = PBXBuildFile; fileRef = 254F8E0714E76B2900CC7357 /* FirstViewController_iPhone.xib */; };
		254F8E0C14E76B2900CC7357 /* FirstViewController_iPad.xib in Resources */ = {isa = PBXBuildFile; fileRef = 254F8E0A14E76B2900CC7357 /* FirstViewController_iPad.xib */; };
		254F8E0F14E76B2900CC7357 /* SecondViewController_iPhone.xib in Resources */ = {isa = PBXBuildFile; fileRef = 254F8E0D14E76B2900CC7357 /* SecondViewController_iPhone.xib */; };
		254F8E1214E76B2900CC7357 /* SecondViewController_iPad.xib in Resources */ = {isa = PBXBuildFile; fileRef = 254F8E1014E76B2900CC7357 /* SecondViewController_iPad.xib */; };
		254F8E7614E76FA000CC7357 /* CFNetwork.framework in Frameworks */ = {isa = PBXBuildFile; fileRef = 254F8E7514E76FA000CC7357 /* CFNetwork.framework */; };
		254F8E7814E76FAD00CC7357 /* CoreData.framework in Frameworks */ = {isa = PBXBuildFile; fileRef = 254F8E7714E76FAD00CC7357 /* CoreData.framework */; };
		254F8E7A14E76FB500CC7357 /* Security.framework in Frameworks */ = {isa = PBXBuildFile; fileRef = 254F8E7914E76FB500CC7357 /* Security.framework */; };
		254F8E7C14E76FBF00CC7357 /* MobileCoreServices.framework in Frameworks */ = {isa = PBXBuildFile; fileRef = 254F8E7B14E76FBF00CC7357 /* MobileCoreServices.framework */; };
		254F8E7E14E76FC800CC7357 /* SystemConfiguration.framework in Frameworks */ = {isa = PBXBuildFile; fileRef = 254F8E7D14E76FC800CC7357 /* SystemConfiguration.framework */; };
		254F8E8014E76FD400CC7357 /* libxml2.dylib in Frameworks */ = {isa = PBXBuildFile; fileRef = 254F8E7F14E76FD400CC7357 /* libxml2.dylib */; };
		254F8EDA14E76FFA00CC7357 /* libsqlite3.dylib in Frameworks */ = {isa = PBXBuildFile; fileRef = 254F8ED914E76FFA00CC7357 /* libsqlite3.dylib */; };
		254F8EDC14E7700600CC7357 /* libz.dylib in Frameworks */ = {isa = PBXBuildFile; fileRef = 254F8EDB14E7700600CC7357 /* libz.dylib */; };
		254F8EDD14E7701700CC7357 /* libRestKit.a in Frameworks */ = {isa = PBXBuildFile; fileRef = 254F8E6C14E76F5200CC7357 /* libRestKit.a */; };
		3201088596B4756681693705 /* libThree20UICommon.a in Frameworks */ = {isa = PBXBuildFile; fileRef = 3201088596B4756681693704 /* libThree20UICommon.a */; };
		320A2827FEC940B25BC42C65 /* libThree20Core.a in Frameworks */ = {isa = PBXBuildFile; fileRef = 320A2827FEC940B25BC42C64 /* libThree20Core.a */; };
		320A5A189C235877202780D5 /* libThree20Network.a in Frameworks */ = {isa = PBXBuildFile; fileRef = 320A5A189C235877202780D4 /* libThree20Network.a */; };
		320A737074758E53BA54BE95 /* libThree20UINavigator.a in Frameworks */ = {isa = PBXBuildFile; fileRef = 320A737074758E53BA54BE94 /* libThree20UINavigator.a */; };
		320AF8492C47A4D819F7C451 /* QuartzCore.framework in Frameworks */ = {isa = PBXBuildFile; fileRef = 320AF8492C47A4D819F7C450 /* QuartzCore.framework */; };
		320B6C86F11D9990244A9731 /* Three20.bundle in Resources */ = {isa = PBXBuildFile; fileRef = 320B6C86F11D9990244A9730 /* Three20.bundle */; };
		320CC833B8AF0ACFD35E6225 /* libThree20Style.a in Frameworks */ = {isa = PBXBuildFile; fileRef = 320CC833B8AF0ACFD35E6224 /* libThree20Style.a */; };
		320D7DCCE32703ACAB9A45E5 /* libThree20.a in Frameworks */ = {isa = PBXBuildFile; fileRef = 320D7DCCE32703ACAB9A45E4 /* libThree20.a */; };
		320F2C48872C2E2C4DF86205 /* libThree20UI.a in Frameworks */ = {isa = PBXBuildFile; fileRef = 320F2C48872C2E2C4DF86204 /* libThree20UI.a */; };
/* End PBXBuildFile section */

/* Begin PBXContainerItemProxy section */
		254F8E4A14E76E8200CC7357 /* PBXContainerItemProxy */ = {
			isa = PBXContainerItemProxy;
			containerPortal = 320D7DCCE32703ACAB9A45E0 /* Three20.xcodeproj */;
			proxyType = 2;
			remoteGlobalIDString = EB9E6C6210B6A8F800DE563C;
			remoteInfo = Three20UnitTests;
		};
		254F8E4D14E76E8200CC7357 /* PBXContainerItemProxy */ = {
			isa = PBXContainerItemProxy;
			containerPortal = 320A2827FEC940B25BC42C60 /* Three20Core.xcodeproj */;
			proxyType = 2;
			remoteGlobalIDString = EB9E6C6210B6A8F800DE563C;
			remoteInfo = Three20CoreUnitTests;
		};
		254F8E5214E76E8200CC7357 /* PBXContainerItemProxy */ = {
			isa = PBXContainerItemProxy;
			containerPortal = 320A5A189C235877202780D0 /* Three20Network.xcodeproj */;
			proxyType = 2;
			remoteGlobalIDString = EB9E6C6210B6A8F800DE563C;
			remoteInfo = Three20NetworkUnitTests;
		};
		254F8E5514E76E8200CC7357 /* PBXContainerItemProxy */ = {
			isa = PBXContainerItemProxy;
			containerPortal = 320CC833B8AF0ACFD35E6220 /* Three20Style.xcodeproj */;
			proxyType = 2;
			remoteGlobalIDString = EB9E6C6210B6A8F800DE563C;
			remoteInfo = Three20StyleUnitTests;
		};
		254F8E5814E76E8200CC7357 /* PBXContainerItemProxy */ = {
			isa = PBXContainerItemProxy;
			containerPortal = 320F2C48872C2E2C4DF86200 /* Three20UI.xcodeproj */;
			proxyType = 2;
			remoteGlobalIDString = EB9E6C6210B6A8F800DE563C;
			remoteInfo = Three20UIUnitTests;
		};
		254F8E5B14E76E8200CC7357 /* PBXContainerItemProxy */ = {
			isa = PBXContainerItemProxy;
			containerPortal = 3201088596B4756681693700 /* Three20UICommon.xcodeproj */;
			proxyType = 2;
			remoteGlobalIDString = EB9E6C6210B6A8F800DE563C;
			remoteInfo = Three20UICommonUnitTests;
		};
		254F8E5E14E76E8200CC7357 /* PBXContainerItemProxy */ = {
			isa = PBXContainerItemProxy;
			containerPortal = 320A737074758E53BA54BE90 /* Three20UINavigator.xcodeproj */;
			proxyType = 2;
			remoteGlobalIDString = EB9E6C6210B6A8F800DE563C;
			remoteInfo = Three20UINavigatorUnitTests;
		};
		254F8E6B14E76F5200CC7357 /* PBXContainerItemProxy */ = {
			isa = PBXContainerItemProxy;
			containerPortal = 254F8E6114E76F5100CC7357 /* RestKit.xcodeproj */;
			proxyType = 2;
			remoteGlobalIDString = 25160D1614564E810060A5C5;
			remoteInfo = RestKit;
		};
		254F8E6D14E76F5200CC7357 /* PBXContainerItemProxy */ = {
			isa = PBXContainerItemProxy;
			containerPortal = 254F8E6114E76F5100CC7357 /* RestKit.xcodeproj */;
			proxyType = 2;
			remoteGlobalIDString = 25160D2614564E820060A5C5;
			remoteInfo = RestKitTests;
		};
		254F8E6F14E76F5200CC7357 /* PBXContainerItemProxy */ = {
			isa = PBXContainerItemProxy;
			containerPortal = 254F8E6114E76F5100CC7357 /* RestKit.xcodeproj */;
			proxyType = 2;
			remoteGlobalIDString = 25160E62145651060060A5C5;
			remoteInfo = RestKitFramework;
		};
		254F8E7114E76F5200CC7357 /* PBXContainerItemProxy */ = {
			isa = PBXContainerItemProxy;
			containerPortal = 254F8E6114E76F5100CC7357 /* RestKit.xcodeproj */;
			proxyType = 2;
			remoteGlobalIDString = 25160E78145651060060A5C5;
			remoteInfo = RestKitFrameworkTests;
		};
		254F8E7314E76F8E00CC7357 /* PBXContainerItemProxy */ = {
			isa = PBXContainerItemProxy;
			containerPortal = 254F8E6114E76F5100CC7357 /* RestKit.xcodeproj */;
			proxyType = 1;
			remoteGlobalIDString = 25160D1514564E810060A5C5;
			remoteInfo = RestKit;
		};
		3201088596B4756681693702 /* PBXContainerItemProxy */ = {
			isa = PBXContainerItemProxy;
			containerPortal = 3201088596B4756681693700 /* Three20UICommon.xcodeproj */;
			proxyType = 1;
			remoteGlobalIDString = BEF31F390F352DF5000DE5D2;
			remoteInfo = Three20UICommon;
		};
		3201088596B4756681693706 /* PBXContainerItemProxy */ = {
			isa = PBXContainerItemProxy;
			containerPortal = 3201088596B4756681693700 /* Three20UICommon.xcodeproj */;
			proxyType = 2;
			remoteGlobalIDString = BEF31F3A0F352DF5000DE5D2;
			remoteInfo = Three20UICommon;
		};
		320A2827FEC940B25BC42C62 /* PBXContainerItemProxy */ = {
			isa = PBXContainerItemProxy;
			containerPortal = 320A2827FEC940B25BC42C60 /* Three20Core.xcodeproj */;
			proxyType = 1;
			remoteGlobalIDString = BEF31F390F352DF5000DE5D2;
			remoteInfo = Three20Core;
		};
		320A2827FEC940B25BC42C66 /* PBXContainerItemProxy */ = {
			isa = PBXContainerItemProxy;
			containerPortal = 320A2827FEC940B25BC42C60 /* Three20Core.xcodeproj */;
			proxyType = 2;
			remoteGlobalIDString = BEF31F3A0F352DF5000DE5D2;
			remoteInfo = Three20Core;
		};
		320A5A189C235877202780D2 /* PBXContainerItemProxy */ = {
			isa = PBXContainerItemProxy;
			containerPortal = 320A5A189C235877202780D0 /* Three20Network.xcodeproj */;
			proxyType = 1;
			remoteGlobalIDString = BEF31F390F352DF5000DE5D2;
			remoteInfo = Three20Network;
		};
		320A5A189C235877202780D6 /* PBXContainerItemProxy */ = {
			isa = PBXContainerItemProxy;
			containerPortal = 320A5A189C235877202780D0 /* Three20Network.xcodeproj */;
			proxyType = 2;
			remoteGlobalIDString = BEF31F3A0F352DF5000DE5D2;
			remoteInfo = Three20Network;
		};
		320A737074758E53BA54BE92 /* PBXContainerItemProxy */ = {
			isa = PBXContainerItemProxy;
			containerPortal = 320A737074758E53BA54BE90 /* Three20UINavigator.xcodeproj */;
			proxyType = 1;
			remoteGlobalIDString = BEF31F390F352DF5000DE5D2;
			remoteInfo = Three20UINavigator;
		};
		320A737074758E53BA54BE96 /* PBXContainerItemProxy */ = {
			isa = PBXContainerItemProxy;
			containerPortal = 320A737074758E53BA54BE90 /* Three20UINavigator.xcodeproj */;
			proxyType = 2;
			remoteGlobalIDString = BEF31F3A0F352DF5000DE5D2;
			remoteInfo = Three20UINavigator;
		};
		320CC833B8AF0ACFD35E6222 /* PBXContainerItemProxy */ = {
			isa = PBXContainerItemProxy;
			containerPortal = 320CC833B8AF0ACFD35E6220 /* Three20Style.xcodeproj */;
			proxyType = 1;
			remoteGlobalIDString = BEF31F390F352DF5000DE5D2;
			remoteInfo = Three20Style;
		};
		320CC833B8AF0ACFD35E6226 /* PBXContainerItemProxy */ = {
			isa = PBXContainerItemProxy;
			containerPortal = 320CC833B8AF0ACFD35E6220 /* Three20Style.xcodeproj */;
			proxyType = 2;
			remoteGlobalIDString = BEF31F3A0F352DF5000DE5D2;
			remoteInfo = Three20Style;
		};
		320D7DCCE32703ACAB9A45E2 /* PBXContainerItemProxy */ = {
			isa = PBXContainerItemProxy;
			containerPortal = 320D7DCCE32703ACAB9A45E0 /* Three20.xcodeproj */;
			proxyType = 1;
			remoteGlobalIDString = BEF31F390F352DF5000DE5D2;
			remoteInfo = Three20;
		};
		320D7DCCE32703ACAB9A45E6 /* PBXContainerItemProxy */ = {
			isa = PBXContainerItemProxy;
			containerPortal = 320D7DCCE32703ACAB9A45E0 /* Three20.xcodeproj */;
			proxyType = 2;
			remoteGlobalIDString = BEF31F3A0F352DF5000DE5D2;
			remoteInfo = Three20;
		};
		320F2C48872C2E2C4DF86202 /* PBXContainerItemProxy */ = {
			isa = PBXContainerItemProxy;
			containerPortal = 320F2C48872C2E2C4DF86200 /* Three20UI.xcodeproj */;
			proxyType = 1;
			remoteGlobalIDString = BEF31F390F352DF5000DE5D2;
			remoteInfo = Three20UI;
		};
		320F2C48872C2E2C4DF86206 /* PBXContainerItemProxy */ = {
			isa = PBXContainerItemProxy;
			containerPortal = 320F2C48872C2E2C4DF86200 /* Three20UI.xcodeproj */;
			proxyType = 2;
			remoteGlobalIDString = BEF31F3A0F352DF5000DE5D2;
			remoteInfo = Three20UI;
		};
/* End PBXContainerItemProxy section */

/* Begin PBXFileReference section */
		254F8DE314E76B2800CC7357 /* RemindIt.app */ = {isa = PBXFileReference; explicitFileType = wrapper.application; includeInIndex = 0; path = RemindIt.app; sourceTree = BUILT_PRODUCTS_DIR; };
		254F8DE714E76B2800CC7357 /* UIKit.framework */ = {isa = PBXFileReference; lastKnownFileType = wrapper.framework; name = UIKit.framework; path = System/Library/Frameworks/UIKit.framework; sourceTree = SDKROOT; };
		254F8DE914E76B2800CC7357 /* Foundation.framework */ = {isa = PBXFileReference; lastKnownFileType = wrapper.framework; name = Foundation.framework; path = System/Library/Frameworks/Foundation.framework; sourceTree = SDKROOT; };
		254F8DEB14E76B2800CC7357 /* CoreGraphics.framework */ = {isa = PBXFileReference; lastKnownFileType = wrapper.framework; name = CoreGraphics.framework; path = System/Library/Frameworks/CoreGraphics.framework; sourceTree = SDKROOT; };
		254F8DEF14E76B2800CC7357 /* RemindIt-Info.plist */ = {isa = PBXFileReference; lastKnownFileType = text.plist.xml; path = "RemindIt-Info.plist"; sourceTree = "<group>"; };
		254F8DF114E76B2800CC7357 /* en */ = {isa = PBXFileReference; lastKnownFileType = text.plist.strings; name = en; path = en.lproj/InfoPlist.strings; sourceTree = "<group>"; };
		254F8DF314E76B2800CC7357 /* main.m */ = {isa = PBXFileReference; lastKnownFileType = sourcecode.c.objc; path = main.m; sourceTree = "<group>"; };
		254F8DF514E76B2800CC7357 /* RemindIt-Prefix.pch */ = {isa = PBXFileReference; lastKnownFileType = sourcecode.c.h; path = "RemindIt-Prefix.pch"; sourceTree = "<group>"; };
		254F8DF614E76B2800CC7357 /* AppDelegate.h */ = {isa = PBXFileReference; lastKnownFileType = sourcecode.c.h; path = AppDelegate.h; sourceTree = "<group>"; };
		254F8DF714E76B2800CC7357 /* AppDelegate.m */ = {isa = PBXFileReference; lastKnownFileType = sourcecode.c.objc; path = AppDelegate.m; sourceTree = "<group>"; };
		254F8DF914E76B2800CC7357 /* FirstViewController.h */ = {isa = PBXFileReference; lastKnownFileType = sourcecode.c.h; path = FirstViewController.h; sourceTree = "<group>"; };
		254F8DFA14E76B2800CC7357 /* FirstViewController.m */ = {isa = PBXFileReference; lastKnownFileType = sourcecode.c.objc; path = FirstViewController.m; sourceTree = "<group>"; };
		254F8DFC14E76B2900CC7357 /* first.png */ = {isa = PBXFileReference; lastKnownFileType = image.png; path = first.png; sourceTree = "<group>"; };
		254F8DFE14E76B2900CC7357 /* first@2x.png */ = {isa = PBXFileReference; lastKnownFileType = image.png; path = "first@2x.png"; sourceTree = "<group>"; };
		254F8E0014E76B2900CC7357 /* SecondViewController.h */ = {isa = PBXFileReference; lastKnownFileType = sourcecode.c.h; path = SecondViewController.h; sourceTree = "<group>"; };
		254F8E0114E76B2900CC7357 /* SecondViewController.m */ = {isa = PBXFileReference; lastKnownFileType = sourcecode.c.objc; path = SecondViewController.m; sourceTree = "<group>"; };
		254F8E0314E76B2900CC7357 /* second.png */ = {isa = PBXFileReference; lastKnownFileType = image.png; path = second.png; sourceTree = "<group>"; };
		254F8E0514E76B2900CC7357 /* second@2x.png */ = {isa = PBXFileReference; lastKnownFileType = image.png; path = "second@2x.png"; sourceTree = "<group>"; };
		254F8E0814E76B2900CC7357 /* en */ = {isa = PBXFileReference; lastKnownFileType = file.xib; name = en; path = en.lproj/FirstViewController_iPhone.xib; sourceTree = "<group>"; };
		254F8E0B14E76B2900CC7357 /* en */ = {isa = PBXFileReference; lastKnownFileType = file.xib; name = en; path = en.lproj/FirstViewController_iPad.xib; sourceTree = "<group>"; };
		254F8E0E14E76B2900CC7357 /* en */ = {isa = PBXFileReference; lastKnownFileType = file.xib; name = en; path = en.lproj/SecondViewController_iPhone.xib; sourceTree = "<group>"; };
		254F8E1114E76B2900CC7357 /* en */ = {isa = PBXFileReference; lastKnownFileType = file.xib; name = en; path = en.lproj/SecondViewController_iPad.xib; sourceTree = "<group>"; };
		254F8E6114E76F5100CC7357 /* RestKit.xcodeproj */ = {isa = PBXFileReference; lastKnownFileType = "wrapper.pb-project"; name = RestKit.xcodeproj; path = Libraries/RestKit/RestKit.xcodeproj; sourceTree = "<group>"; };
		254F8E7514E76FA000CC7357 /* CFNetwork.framework */ = {isa = PBXFileReference; lastKnownFileType = wrapper.framework; name = CFNetwork.framework; path = System/Library/Frameworks/CFNetwork.framework; sourceTree = SDKROOT; };
		254F8E7714E76FAD00CC7357 /* CoreData.framework */ = {isa = PBXFileReference; lastKnownFileType = wrapper.framework; name = CoreData.framework; path = System/Library/Frameworks/CoreData.framework; sourceTree = SDKROOT; };
		254F8E7914E76FB500CC7357 /* Security.framework */ = {isa = PBXFileReference; lastKnownFileType = wrapper.framework; name = Security.framework; path = System/Library/Frameworks/Security.framework; sourceTree = SDKROOT; };
		254F8E7B14E76FBF00CC7357 /* MobileCoreServices.framework */ = {isa = PBXFileReference; lastKnownFileType = wrapper.framework; name = MobileCoreServices.framework; path = System/Library/Frameworks/MobileCoreServices.framework; sourceTree = SDKROOT; };
		254F8E7D14E76FC800CC7357 /* SystemConfiguration.framework */ = {isa = PBXFileReference; lastKnownFileType = wrapper.framework; name = SystemConfiguration.framework; path = System/Library/Frameworks/SystemConfiguration.framework; sourceTree = SDKROOT; };
		254F8E7F14E76FD400CC7357 /* libxml2.dylib */ = {isa = PBXFileReference; lastKnownFileType = "compiled.mach-o.dylib"; name = libxml2.dylib; path = usr/lib/libxml2.dylib; sourceTree = SDKROOT; };
		254F8ED914E76FFA00CC7357 /* libsqlite3.dylib */ = {isa = PBXFileReference; lastKnownFileType = "compiled.mach-o.dylib"; name = libsqlite3.dylib; path = usr/lib/libsqlite3.dylib; sourceTree = SDKROOT; };
		254F8EDB14E7700600CC7357 /* libz.dylib */ = {isa = PBXFileReference; lastKnownFileType = "compiled.mach-o.dylib"; name = libz.dylib; path = usr/lib/libz.dylib; sourceTree = SDKROOT; };
		3201088596B4756681693700 /* Three20UICommon.xcodeproj */ = {isa = PBXFileReference; lastKnownFileType = "wrapper.pb-project"; name = Three20UICommon.xcodeproj; path = Libraries/three20/src/Three20UICommon/Three20UICommon.xcodeproj; sourceTree = SOURCE_ROOT; };
		320A2827FEC940B25BC42C60 /* Three20Core.xcodeproj */ = {isa = PBXFileReference; lastKnownFileType = "wrapper.pb-project"; name = Three20Core.xcodeproj; path = Libraries/three20/src/Three20Core/Three20Core.xcodeproj; sourceTree = SOURCE_ROOT; };
		320A5A189C235877202780D0 /* Three20Network.xcodeproj */ = {isa = PBXFileReference; lastKnownFileType = "wrapper.pb-project"; name = Three20Network.xcodeproj; path = Libraries/three20/src/Three20Network/Three20Network.xcodeproj; sourceTree = SOURCE_ROOT; };
		320A737074758E53BA54BE90 /* Three20UINavigator.xcodeproj */ = {isa = PBXFileReference; lastKnownFileType = "wrapper.pb-project"; name = Three20UINavigator.xcodeproj; path = Libraries/three20/src/Three20UINavigator/Three20UINavigator.xcodeproj; sourceTree = SOURCE_ROOT; };
		320AF8492C47A4D819F7C450 /* QuartzCore.framework */ = {isa = PBXFileReference; lastKnownFileType = wrapper.frameworks; name = QuartzCore.framework; path = System/Library/Frameworks/QuartzCore.framework; sourceTree = SDKROOT; };
		320B6C86F11D9990244A9730 /* Three20.bundle */ = {isa = PBXFileReference; lastKnownFileType = "wrapper.plug-in"; name = Three20.bundle; path = Libraries/three20/src/Three20.bundle; sourceTree = SOURCE_ROOT; };
		320CC833B8AF0ACFD35E6220 /* Three20Style.xcodeproj */ = {isa = PBXFileReference; lastKnownFileType = "wrapper.pb-project"; name = Three20Style.xcodeproj; path = Libraries/three20/src/Three20Style/Three20Style.xcodeproj; sourceTree = SOURCE_ROOT; };
		320D7DCCE32703ACAB9A45E0 /* Three20.xcodeproj */ = {isa = PBXFileReference; lastKnownFileType = "wrapper.pb-project"; name = Three20.xcodeproj; path = Libraries/three20/src/Three20/Three20.xcodeproj; sourceTree = SOURCE_ROOT; };
		320F2C48872C2E2C4DF86200 /* Three20UI.xcodeproj */ = {isa = PBXFileReference; lastKnownFileType = "wrapper.pb-project"; name = Three20UI.xcodeproj; path = Libraries/three20/src/Three20UI/Three20UI.xcodeproj; sourceTree = SOURCE_ROOT; };
/* End PBXFileReference section */

/* Begin PBXFrameworksBuildPhase section */
		254F8DE014E76B2800CC7357 /* Frameworks */ = {
			isa = PBXFrameworksBuildPhase;
			buildActionMask = 2147483647;
			files = (
				254F8EDD14E7701700CC7357 /* libRestKit.a in Frameworks */,
				254F8EDC14E7700600CC7357 /* libz.dylib in Frameworks */,
				254F8EDA14E76FFA00CC7357 /* libsqlite3.dylib in Frameworks */,
				254F8E8014E76FD400CC7357 /* libxml2.dylib in Frameworks */,
				254F8E7E14E76FC800CC7357 /* SystemConfiguration.framework in Frameworks */,
				254F8E7C14E76FBF00CC7357 /* MobileCoreServices.framework in Frameworks */,
				254F8E7A14E76FB500CC7357 /* Security.framework in Frameworks */,
				254F8E7814E76FAD00CC7357 /* CoreData.framework in Frameworks */,
				254F8E7614E76FA000CC7357 /* CFNetwork.framework in Frameworks */,
				3201088596B4756681693705 /* libThree20UICommon.a in Frameworks */,
				320D7DCCE32703ACAB9A45E5 /* libThree20.a in Frameworks */,
				320A737074758E53BA54BE95 /* libThree20UINavigator.a in Frameworks */,
				320A2827FEC940B25BC42C65 /* libThree20Core.a in Frameworks */,
				320F2C48872C2E2C4DF86205 /* libThree20UI.a in Frameworks */,
				320AF8492C47A4D819F7C451 /* QuartzCore.framework in Frameworks */,
				320A5A189C235877202780D5 /* libThree20Network.a in Frameworks */,
				320CC833B8AF0ACFD35E6225 /* libThree20Style.a in Frameworks */,
				254F8DE814E76B2800CC7357 /* UIKit.framework in Frameworks */,
				254F8DEA14E76B2800CC7357 /* Foundation.framework in Frameworks */,
				254F8DEC14E76B2800CC7357 /* CoreGraphics.framework in Frameworks */,
			);
			runOnlyForDeploymentPostprocessing = 0;
		};
/* End PBXFrameworksBuildPhase section */

/* Begin PBXGroup section */
		254F8DD814E76B2800CC7357 = {
			isa = PBXGroup;
			children = (
				254F8DED14E76B2800CC7357 /* RemindIt */,
				254F8DE614E76B2800CC7357 /* Frameworks */,
				254F8DE414E76B2800CC7357 /* Products */,
			);
			sourceTree = "<group>";
		};
		254F8DE414E76B2800CC7357 /* Products */ = {
			isa = PBXGroup;
			children = (
				254F8DE314E76B2800CC7357 /* RemindIt.app */,
			);
			name = Products;
			sourceTree = "<group>";
		};
		254F8DE614E76B2800CC7357 /* Frameworks */ = {
			isa = PBXGroup;
			children = (
				254F8EDB14E7700600CC7357 /* libz.dylib */,
				254F8ED914E76FFA00CC7357 /* libsqlite3.dylib */,
				254F8E7F14E76FD400CC7357 /* libxml2.dylib */,
				254F8E7D14E76FC800CC7357 /* SystemConfiguration.framework */,
				254F8E7B14E76FBF00CC7357 /* MobileCoreServices.framework */,
				254F8E7914E76FB500CC7357 /* Security.framework */,
				254F8E7714E76FAD00CC7357 /* CoreData.framework */,
				254F8E7514E76FA000CC7357 /* CFNetwork.framework */,
				254F8E6114E76F5100CC7357 /* RestKit.xcodeproj */,
				3201088596B4756681693700 /* Three20UICommon.xcodeproj */,
				320D7DCCE32703ACAB9A45E0 /* Three20.xcodeproj */,
				320A737074758E53BA54BE90 /* Three20UINavigator.xcodeproj */,
				320A2827FEC940B25BC42C60 /* Three20Core.xcodeproj */,
				320F2C48872C2E2C4DF86200 /* Three20UI.xcodeproj */,
				320AF8492C47A4D819F7C450 /* QuartzCore.framework */,
				320A5A189C235877202780D0 /* Three20Network.xcodeproj */,
				320CC833B8AF0ACFD35E6220 /* Three20Style.xcodeproj */,
				254F8DE714E76B2800CC7357 /* UIKit.framework */,
				254F8DE914E76B2800CC7357 /* Foundation.framework */,
				254F8DEB14E76B2800CC7357 /* CoreGraphics.framework */,
			);
			name = Frameworks;
			sourceTree = "<group>";
		};
		254F8DED14E76B2800CC7357 /* RemindIt */ = {
			isa = PBXGroup;
			children = (
				254F8EE214E7716400CC7357 /* Views */,
				254F8EE114E7715600CC7357 /* Models */,
				254F8EDF14E7706000CC7357 /* Resources */,
				254F8EDE14E7704900CC7357 /* Controllers */,
				254F8DF614E76B2800CC7357 /* AppDelegate.h */,
				254F8DF714E76B2800CC7357 /* AppDelegate.m */,
				254F8DEE14E76B2800CC7357 /* Supporting Files */,
			);
			path = RemindIt;
			sourceTree = "<group>";
		};
		254F8DEE14E76B2800CC7357 /* Supporting Files */ = {
			isa = PBXGroup;
			children = (
				320B6C86F11D9990244A9730 /* Three20.bundle */,
				254F8DEF14E76B2800CC7357 /* RemindIt-Info.plist */,
				254F8DF014E76B2800CC7357 /* InfoPlist.strings */,
				254F8DF314E76B2800CC7357 /* main.m */,
				254F8DF514E76B2800CC7357 /* RemindIt-Prefix.pch */,
			);
			name = "Supporting Files";
			sourceTree = "<group>";
		};
		254F8E6214E76F5100CC7357 /* Products */ = {
			isa = PBXGroup;
			children = (
				254F8E6C14E76F5200CC7357 /* libRestKit.a */,
				254F8E6E14E76F5200CC7357 /* RestKitTests.octest */,
				254F8E7014E76F5200CC7357 /* RestKit.framework */,
				254F8E7214E76F5200CC7357 /* RestKitFrameworkTests.octest */,
			);
			name = Products;
			sourceTree = "<group>";
		};
		254F8EDE14E7704900CC7357 /* Controllers */ = {
			isa = PBXGroup;
			children = (
				254F8DF914E76B2800CC7357 /* FirstViewController.h */,
				254F8DFA14E76B2800CC7357 /* FirstViewController.m */,
				254F8E0014E76B2900CC7357 /* SecondViewController.h */,
				254F8E0114E76B2900CC7357 /* SecondViewController.m */,
			);
			name = Controllers;
			sourceTree = "<group>";
		};
		254F8EDF14E7706000CC7357 /* Resources */ = {
			isa = PBXGroup;
			children = (
				254F8EE014E7707F00CC7357 /* Images */,
				254F8E0714E76B2900CC7357 /* FirstViewController_iPhone.xib */,
				254F8E0A14E76B2900CC7357 /* FirstViewController_iPad.xib */,
				254F8E0D14E76B2900CC7357 /* SecondViewController_iPhone.xib */,
				254F8E1014E76B2900CC7357 /* SecondViewController_iPad.xib */,
			);
			name = Resources;
			sourceTree = "<group>";
		};
		254F8EE014E7707F00CC7357 /* Images */ = {
			isa = PBXGroup;
			children = (
				254F8DFC14E76B2900CC7357 /* first.png */,
				254F8DFE14E76B2900CC7357 /* first@2x.png */,
				254F8E0314E76B2900CC7357 /* second.png */,
				254F8E0514E76B2900CC7357 /* second@2x.png */,
			);
			name = Images;
			sourceTree = "<group>";
		};
		254F8EE114E7715600CC7357 /* Models */ = {
			isa = PBXGroup;
			children = (
			);
			name = Models;
			sourceTree = "<group>";
		};
		254F8EE214E7716400CC7357 /* Views */ = {
			isa = PBXGroup;
			children = (
			);
			name = Views;
			sourceTree = "<group>";
		};
		3201088596B4756681693703 /* Products */ = {
			isa = PBXGroup;
			children = (
				3201088596B4756681693704 /* libThree20UICommon.a */,
				254F8E5C14E76E8200CC7357 /* UICommonUnitTests.octest */,
			);
			name = Products;
			sourceTree = "<group>";
		};
		320A2827FEC940B25BC42C63 /* Products */ = {
			isa = PBXGroup;
			children = (
				320A2827FEC940B25BC42C64 /* libThree20Core.a */,
				254F8E4E14E76E8200CC7357 /* CoreUnitTests.octest */,
			);
			name = Products;
			sourceTree = "<group>";
		};
		320A5A189C235877202780D3 /* Products */ = {
			isa = PBXGroup;
			children = (
				320A5A189C235877202780D4 /* libThree20Network.a */,
				254F8E5314E76E8200CC7357 /* NetworkUnitTests.octest */,
			);
			name = Products;
			sourceTree = "<group>";
		};
		320A737074758E53BA54BE93 /* Products */ = {
			isa = PBXGroup;
			children = (
				320A737074758E53BA54BE94 /* libThree20UINavigator.a */,
				254F8E5F14E76E8200CC7357 /* UINavigatorUnitTests.octest */,
			);
			name = Products;
			sourceTree = "<group>";
		};
		320CC833B8AF0ACFD35E6223 /* Products */ = {
			isa = PBXGroup;
			children = (
				320CC833B8AF0ACFD35E6224 /* libThree20Style.a */,
				254F8E5614E76E8200CC7357 /* StyleUnitTests.octest */,
			);
			name = Products;
			sourceTree = "<group>";
		};
		320D7DCCE32703ACAB9A45E3 /* Products */ = {
			isa = PBXGroup;
			children = (
				320D7DCCE32703ACAB9A45E4 /* libThree20.a */,
				254F8E4B14E76E8200CC7357 /* Three20UnitTests.octest */,
			);
			name = Products;
			sourceTree = "<group>";
		};
		320F2C48872C2E2C4DF86203 /* Products */ = {
			isa = PBXGroup;
			children = (
				320F2C48872C2E2C4DF86204 /* libThree20UI.a */,
				254F8E5914E76E8200CC7357 /* UIUnitTests.octest */,
			);
			name = Products;
			sourceTree = "<group>";
		};
/* End PBXGroup section */

/* Begin PBXNativeTarget section */
		254F8DE214E76B2800CC7357 /* RemindIt */ = {
			isa = PBXNativeTarget;
			buildConfigurationList = 254F8E1514E76B2900CC7357 /* Build configuration list for PBXNativeTarget "RemindIt" */;
			buildPhases = (
				254F8DDF14E76B2800CC7357 /* Sources */,
				254F8DE014E76B2800CC7357 /* Frameworks */,
				254F8DE114E76B2800CC7357 /* Resources */,
			);
			buildRules = (
			);
			dependencies = (
				254F8E7414E76F8E00CC7357 /* PBXTargetDependency */,
				3201088596B4756681693701 /* PBXTargetDependency */,
				320D7DCCE32703ACAB9A45E1 /* PBXTargetDependency */,
				320A737074758E53BA54BE91 /* PBXTargetDependency */,
				320A2827FEC940B25BC42C61 /* PBXTargetDependency */,
				320F2C48872C2E2C4DF86201 /* PBXTargetDependency */,
				320A5A189C235877202780D1 /* PBXTargetDependency */,
				320CC833B8AF0ACFD35E6221 /* PBXTargetDependency */,
			);
			name = RemindIt;
			productName = RemindIt;
			productReference = 254F8DE314E76B2800CC7357 /* RemindIt.app */;
			productType = "com.apple.product-type.application";
		};
/* End PBXNativeTarget section */

/* Begin PBXProject section */
		254F8DDA14E76B2800CC7357 /* Project object */ = {
			isa = PBXProject;
			attributes = {
				LastUpgradeCheck = 0420;
			};
			buildConfigurationList = 254F8DDD14E76B2800CC7357 /* Build configuration list for PBXProject "RemindIt" */;
			compatibilityVersion = "Xcode 3.2";
			developmentRegion = English;
			hasScannedForEncodings = 0;
			knownRegions = (
				en,
			);
			mainGroup = 254F8DD814E76B2800CC7357;
			productRefGroup = 254F8DE414E76B2800CC7357 /* Products */;
			projectDirPath = "";
			projectReferences = (
				{
					ProductGroup = 254F8E6214E76F5100CC7357 /* Products */;
					ProjectRef = 254F8E6114E76F5100CC7357 /* RestKit.xcodeproj */;
				},
				{
					ProductGroup = 320D7DCCE32703ACAB9A45E3 /* Products */;
					ProjectRef = 320D7DCCE32703ACAB9A45E0 /* Three20.xcodeproj */;
				},
				{
					ProductGroup = 320A2827FEC940B25BC42C63 /* Products */;
					ProjectRef = 320A2827FEC940B25BC42C60 /* Three20Core.xcodeproj */;
				},
				{
					ProductGroup = 320A5A189C235877202780D3 /* Products */;
					ProjectRef = 320A5A189C235877202780D0 /* Three20Network.xcodeproj */;
				},
				{
					ProductGroup = 320CC833B8AF0ACFD35E6223 /* Products */;
					ProjectRef = 320CC833B8AF0ACFD35E6220 /* Three20Style.xcodeproj */;
				},
				{
					ProductGroup = 320F2C48872C2E2C4DF86203 /* Products */;
					ProjectRef = 320F2C48872C2E2C4DF86200 /* Three20UI.xcodeproj */;
				},
				{
					ProductGroup = 3201088596B4756681693703 /* Products */;
					ProjectRef = 3201088596B4756681693700 /* Three20UICommon.xcodeproj */;
				},
				{
					ProductGroup = 320A737074758E53BA54BE93 /* Products */;
					ProjectRef = 320A737074758E53BA54BE90 /* Three20UINavigator.xcodeproj */;
				},
			);
			projectRoot = "";
			targets = (
				254F8DE214E76B2800CC7357 /* RemindIt */,
			);
		};
/* End PBXProject section */

/* Begin PBXReferenceProxy section */
		254F8E4B14E76E8200CC7357 /* Three20UnitTests.octest */ = {
			isa = PBXReferenceProxy;
			fileType = wrapper.cfbundle;
			path = Three20UnitTests.octest;
			remoteRef = 254F8E4A14E76E8200CC7357 /* PBXContainerItemProxy */;
			sourceTree = BUILT_PRODUCTS_DIR;
		};
		254F8E4E14E76E8200CC7357 /* CoreUnitTests.octest */ = {
			isa = PBXReferenceProxy;
			fileType = wrapper.cfbundle;
			path = CoreUnitTests.octest;
			remoteRef = 254F8E4D14E76E8200CC7357 /* PBXContainerItemProxy */;
			sourceTree = BUILT_PRODUCTS_DIR;
		};
		254F8E5314E76E8200CC7357 /* NetworkUnitTests.octest */ = {
			isa = PBXReferenceProxy;
			fileType = wrapper.cfbundle;
			path = NetworkUnitTests.octest;
			remoteRef = 254F8E5214E76E8200CC7357 /* PBXContainerItemProxy */;
			sourceTree = BUILT_PRODUCTS_DIR;
		};
		254F8E5614E76E8200CC7357 /* StyleUnitTests.octest */ = {
			isa = PBXReferenceProxy;
			fileType = wrapper.cfbundle;
			path = StyleUnitTests.octest;
			remoteRef = 254F8E5514E76E8200CC7357 /* PBXContainerItemProxy */;
			sourceTree = BUILT_PRODUCTS_DIR;
		};
		254F8E5914E76E8200CC7357 /* UIUnitTests.octest */ = {
			isa = PBXReferenceProxy;
			fileType = wrapper.cfbundle;
			path = UIUnitTests.octest;
			remoteRef = 254F8E5814E76E8200CC7357 /* PBXContainerItemProxy */;
			sourceTree = BUILT_PRODUCTS_DIR;
		};
		254F8E5C14E76E8200CC7357 /* UICommonUnitTests.octest */ = {
			isa = PBXReferenceProxy;
			fileType = wrapper.cfbundle;
			path = UICommonUnitTests.octest;
			remoteRef = 254F8E5B14E76E8200CC7357 /* PBXContainerItemProxy */;
			sourceTree = BUILT_PRODUCTS_DIR;
		};
		254F8E5F14E76E8200CC7357 /* UINavigatorUnitTests.octest */ = {
			isa = PBXReferenceProxy;
			fileType = wrapper.cfbundle;
			path = UINavigatorUnitTests.octest;
			remoteRef = 254F8E5E14E76E8200CC7357 /* PBXContainerItemProxy */;
			sourceTree = BUILT_PRODUCTS_DIR;
		};
		254F8E6C14E76F5200CC7357 /* libRestKit.a */ = {
			isa = PBXReferenceProxy;
			fileType = archive.ar;
			path = libRestKit.a;
			remoteRef = 254F8E6B14E76F5200CC7357 /* PBXContainerItemProxy */;
			sourceTree = BUILT_PRODUCTS_DIR;
		};
		254F8E6E14E76F5200CC7357 /* RestKitTests.octest */ = {
			isa = PBXReferenceProxy;
			fileType = wrapper.cfbundle;
			path = RestKitTests.octest;
			remoteRef = 254F8E6D14E76F5200CC7357 /* PBXContainerItemProxy */;
			sourceTree = BUILT_PRODUCTS_DIR;
		};
		254F8E7014E76F5200CC7357 /* RestKit.framework */ = {
			isa = PBXReferenceProxy;
			fileType = wrapper.framework;
			path = RestKit.framework;
			remoteRef = 254F8E6F14E76F5200CC7357 /* PBXContainerItemProxy */;
			sourceTree = BUILT_PRODUCTS_DIR;
		};
		254F8E7214E76F5200CC7357 /* RestKitFrameworkTests.octest */ = {
			isa = PBXReferenceProxy;
			fileType = wrapper.cfbundle;
			path = RestKitFrameworkTests.octest;
			remoteRef = 254F8E7114E76F5200CC7357 /* PBXContainerItemProxy */;
			sourceTree = BUILT_PRODUCTS_DIR;
		};
		3201088596B4756681693704 /* libThree20UICommon.a */ = {
			isa = PBXReferenceProxy;
			fileType = archive.ar;
			path = libThree20UICommon.a;
			remoteRef = 3201088596B4756681693706 /* PBXContainerItemProxy */;
			sourceTree = BUILT_PRODUCTS_DIR;
		};
		320A2827FEC940B25BC42C64 /* libThree20Core.a */ = {
			isa = PBXReferenceProxy;
			fileType = archive.ar;
			path = libThree20Core.a;
			remoteRef = 320A2827FEC940B25BC42C66 /* PBXContainerItemProxy */;
			sourceTree = BUILT_PRODUCTS_DIR;
		};
		320A5A189C235877202780D4 /* libThree20Network.a */ = {
			isa = PBXReferenceProxy;
			fileType = archive.ar;
			path = libThree20Network.a;
			remoteRef = 320A5A189C235877202780D6 /* PBXContainerItemProxy */;
			sourceTree = BUILT_PRODUCTS_DIR;
		};
		320A737074758E53BA54BE94 /* libThree20UINavigator.a */ = {
			isa = PBXReferenceProxy;
			fileType = archive.ar;
			path = libThree20UINavigator.a;
			remoteRef = 320A737074758E53BA54BE96 /* PBXContainerItemProxy */;
			sourceTree = BUILT_PRODUCTS_DIR;
		};
		320CC833B8AF0ACFD35E6224 /* libThree20Style.a */ = {
			isa = PBXReferenceProxy;
			fileType = archive.ar;
			path = libThree20Style.a;
			remoteRef = 320CC833B8AF0ACFD35E6226 /* PBXContainerItemProxy */;
			sourceTree = BUILT_PRODUCTS_DIR;
		};
		320D7DCCE32703ACAB9A45E4 /* libThree20.a */ = {
			isa = PBXReferenceProxy;
			fileType = archive.ar;
			path = libThree20.a;
			remoteRef = 320D7DCCE32703ACAB9A45E6 /* PBXContainerItemProxy */;
			sourceTree = BUILT_PRODUCTS_DIR;
		};
		320F2C48872C2E2C4DF86204 /* libThree20UI.a */ = {
			isa = PBXReferenceProxy;
			fileType = archive.ar;
			path = libThree20UI.a;
			remoteRef = 320F2C48872C2E2C4DF86206 /* PBXContainerItemProxy */;
			sourceTree = BUILT_PRODUCTS_DIR;
		};
/* End PBXReferenceProxy section */

/* Begin PBXResourcesBuildPhase section */
		254F8DE114E76B2800CC7357 /* Resources */ = {
			isa = PBXResourcesBuildPhase;
			buildActionMask = 2147483647;
			files = (
				320B6C86F11D9990244A9731 /* Three20.bundle in Resources */,
				254F8DF214E76B2800CC7357 /* InfoPlist.strings in Resources */,
				254F8DFD14E76B2900CC7357 /* first.png in Resources */,
				254F8DFF14E76B2900CC7357 /* first@2x.png in Resources */,
				254F8E0414E76B2900CC7357 /* second.png in Resources */,
				254F8E0614E76B2900CC7357 /* second@2x.png in Resources */,
				254F8E0914E76B2900CC7357 /* FirstViewController_iPhone.xib in Resources */,
				254F8E0C14E76B2900CC7357 /* FirstViewController_iPad.xib in Resources */,
				254F8E0F14E76B2900CC7357 /* SecondViewController_iPhone.xib in Resources */,
				254F8E1214E76B2900CC7357 /* SecondViewController_iPad.xib in Resources */,
			);
			runOnlyForDeploymentPostprocessing = 0;
		};
/* End PBXResourcesBuildPhase section */

/* Begin PBXSourcesBuildPhase section */
		254F8DDF14E76B2800CC7357 /* Sources */ = {
			isa = PBXSourcesBuildPhase;
			buildActionMask = 2147483647;
			files = (
				254F8DF414E76B2800CC7357 /* main.m in Sources */,
				254F8DF814E76B2800CC7357 /* AppDelegate.m in Sources */,
				254F8DFB14E76B2800CC7357 /* FirstViewController.m in Sources */,
				254F8E0214E76B2900CC7357 /* SecondViewController.m in Sources */,
			);
			runOnlyForDeploymentPostprocessing = 0;
		};
/* End PBXSourcesBuildPhase section */

/* Begin PBXTargetDependency section */
		254F8E7414E76F8E00CC7357 /* PBXTargetDependency */ = {
			isa = PBXTargetDependency;
			name = RestKit;
			targetProxy = 254F8E7314E76F8E00CC7357 /* PBXContainerItemProxy */;
		};
		3201088596B4756681693701 /* PBXTargetDependency */ = {
			isa = PBXTargetDependency;
			name = Three20UICommon;
			targetProxy = 3201088596B4756681693702 /* PBXContainerItemProxy */;
		};
		320A2827FEC940B25BC42C61 /* PBXTargetDependency */ = {
			isa = PBXTargetDependency;
			name = Three20Core;
			targetProxy = 320A2827FEC940B25BC42C62 /* PBXContainerItemProxy */;
		};
		320A5A189C235877202780D1 /* PBXTargetDependency */ = {
			isa = PBXTargetDependency;
			name = Three20Network;
			targetProxy = 320A5A189C235877202780D2 /* PBXContainerItemProxy */;
		};
		320A737074758E53BA54BE91 /* PBXTargetDependency */ = {
			isa = PBXTargetDependency;
			name = Three20UINavigator;
			targetProxy = 320A737074758E53BA54BE92 /* PBXContainerItemProxy */;
		};
		320CC833B8AF0ACFD35E6221 /* PBXTargetDependency */ = {
			isa = PBXTargetDependency;
			name = Three20Style;
			targetProxy = 320CC833B8AF0ACFD35E6222 /* PBXContainerItemProxy */;
		};
		320D7DCCE32703ACAB9A45E1 /* PBXTargetDependency */ = {
			isa = PBXTargetDependency;
			name = Three20;
			targetProxy = 320D7DCCE32703ACAB9A45E2 /* PBXContainerItemProxy */;
		};
		320F2C48872C2E2C4DF86201 /* PBXTargetDependency */ = {
			isa = PBXTargetDependency;
			name = Three20UI;
			targetProxy = 320F2C48872C2E2C4DF86202 /* PBXContainerItemProxy */;
		};
/* End PBXTargetDependency section */

/* Begin PBXVariantGroup section */
		254F8DF014E76B2800CC7357 /* InfoPlist.strings */ = {
			isa = PBXVariantGroup;
			children = (
				254F8DF114E76B2800CC7357 /* en */,
			);
			name = InfoPlist.strings;
			sourceTree = "<group>";
		};
		254F8E0714E76B2900CC7357 /* FirstViewController_iPhone.xib */ = {
			isa = PBXVariantGroup;
			children = (
				254F8E0814E76B2900CC7357 /* en */,
			);
			name = FirstViewController_iPhone.xib;
			sourceTree = "<group>";
		};
		254F8E0A14E76B2900CC7357 /* FirstViewController_iPad.xib */ = {
			isa = PBXVariantGroup;
			children = (
				254F8E0B14E76B2900CC7357 /* en */,
			);
			name = FirstViewController_iPad.xib;
			sourceTree = "<group>";
		};
		254F8E0D14E76B2900CC7357 /* SecondViewController_iPhone.xib */ = {
			isa = PBXVariantGroup;
			children = (
				254F8E0E14E76B2900CC7357 /* en */,
			);
			name = SecondViewController_iPhone.xib;
			sourceTree = "<group>";
		};
		254F8E1014E76B2900CC7357 /* SecondViewController_iPad.xib */ = {
			isa = PBXVariantGroup;
			children = (
				254F8E1114E76B2900CC7357 /* en */,
			);
			name = SecondViewController_iPad.xib;
			sourceTree = "<group>";
		};
/* End PBXVariantGroup section */

/* Begin XCBuildConfiguration section */
		254F8E1314E76B2900CC7357 /* Debug */ = {
			isa = XCBuildConfiguration;
			buildSettings = {
				ALWAYS_SEARCH_USER_PATHS = NO;
				ARCHS = "$(ARCHS_STANDARD_32_BIT)";
				"CODE_SIGN_IDENTITY[sdk=iphoneos*]" = "iPhone Developer";
				COPY_PHASE_STRIP = NO;
				GCC_C_LANGUAGE_STANDARD = gnu99;
				GCC_DYNAMIC_NO_PIC = NO;
				GCC_OPTIMIZATION_LEVEL = 0;
				GCC_PREPROCESSOR_DEFINITIONS = (
					"DEBUG=1",
					"$(inherited)",
				);
				GCC_SYMBOLS_PRIVATE_EXTERN = NO;
				GCC_VERSION = com.apple.compilers.llvm.clang.1_0;
				GCC_WARN_ABOUT_MISSING_PROTOTYPES = YES;
				GCC_WARN_ABOUT_RETURN_TYPE = YES;
				GCC_WARN_UNUSED_VARIABLE = YES;
				HEADER_SEARCH_PATHS = (
					"$(BUILT_PRODUCTS_DIR)/../three20",
					"$(BUILT_PRODUCTS_DIR)/../../three20",
					Libraries/three20/Build/Products/three20,
				);
				IPHONEOS_DEPLOYMENT_TARGET = 5.0;
				OTHER_LDFLAGS = "-ObjC";
				SDKROOT = iphoneos;
				TARGETED_DEVICE_FAMILY = "1,2";
			};
			name = Debug;
		};
		254F8E1414E76B2900CC7357 /* Release */ = {
			isa = XCBuildConfiguration;
			buildSettings = {
				ALWAYS_SEARCH_USER_PATHS = NO;
				ARCHS = "$(ARCHS_STANDARD_32_BIT)";
				"CODE_SIGN_IDENTITY[sdk=iphoneos*]" = "iPhone Developer";
				COPY_PHASE_STRIP = YES;
				GCC_C_LANGUAGE_STANDARD = gnu99;
				GCC_VERSION = com.apple.compilers.llvm.clang.1_0;
				GCC_WARN_ABOUT_MISSING_PROTOTYPES = YES;
				GCC_WARN_ABOUT_RETURN_TYPE = YES;
				GCC_WARN_UNUSED_VARIABLE = YES;
				HEADER_SEARCH_PATHS = (
					"$(BUILT_PRODUCTS_DIR)/../three20",
					"$(BUILT_PRODUCTS_DIR)/../../three20",
					Libraries/three20/Build/Products/three20,
				);
				IPHONEOS_DEPLOYMENT_TARGET = 5.0;
				OTHER_CFLAGS = "-DNS_BLOCK_ASSERTIONS=1";
				OTHER_LDFLAGS = "-ObjC";
				SDKROOT = iphoneos;
				TARGETED_DEVICE_FAMILY = "1,2";
				VALIDATE_PRODUCT = YES;
			};
			name = Release;
		};
		254F8E1614E76B2900CC7357 /* Debug */ = {
			isa = XCBuildConfiguration;
			buildSettings = {
				GCC_PRECOMPILE_PREFIX_HEADER = YES;
				GCC_PREFIX_HEADER = "RemindIt/RemindIt-Prefix.pch";
				INFOPLIST_FILE = "RemindIt/RemindIt-Info.plist";
				OTHER_LDFLAGS = (
					"-ObjC",
					"-all_load",
				);
				PRODUCT_NAME = "$(TARGET_NAME)";
				WRAPPER_EXTENSION = app;
			};
			name = Debug;
		};
		254F8E1714E76B2900CC7357 /* Release */ = {
			isa = XCBuildConfiguration;
			buildSettings = {
				GCC_PRECOMPILE_PREFIX_HEADER = YES;
				GCC_PREFIX_HEADER = "RemindIt/RemindIt-Prefix.pch";
				INFOPLIST_FILE = "RemindIt/RemindIt-Info.plist";
				OTHER_LDFLAGS = (
					"-ObjC",
					"-all_load",
				);
				PRODUCT_NAME = "$(TARGET_NAME)";
				WRAPPER_EXTENSION = app;
			};
			name = Release;
		};
/* End XCBuildConfiguration section */

/* Begin XCConfigurationList section */
		254F8DDD14E76B2800CC7357 /* Build configuration list for PBXProject "RemindIt" */ = {
			isa = XCConfigurationList;
			buildConfigurations = (
				254F8E1314E76B2900CC7357 /* Debug */,
				254F8E1414E76B2900CC7357 /* Release */,
			);
			defaultConfigurationIsVisible = 0;
			defaultConfigurationName = Release;
		};
		254F8E1514E76B2900CC7357 /* Build configuration list for PBXNativeTarget "RemindIt" */ = {
			isa = XCConfigurationList;
			buildConfigurations = (
				254F8E1614E76B2900CC7357 /* Debug */,
				254F8E1714E76B2900CC7357 /* Release */,
			);
			defaultConfigurationIsVisible = 0;
			defaultConfigurationName = Release;
		};
/* End XCConfigurationList section */
	};
	rootObject = 254F8DDA14E76B2800CC7357 /* Project object */;
}
